
Microsoft Visual Studio Solution File, Format Version 12.00
# Visual Studio Version 17
VisualStudioVersion = 17.9.34723.18
MinimumVisualStudioVersion = 10.0.40219.1
Project("{9A19103F-16F7-4668-BE54-9A1E7A4F7556}") = "dotnetservice", "dotnetservice.csproj", "{0AF94670-00BA-47B5-AE30-89F456D0AC59}"
EndProject
Global
	GlobalSection(SolutionConfigurationPlatforms) = preSolution
		Debug|Any CPU = Debug|Any CPU
		Release|Any CPU = Release|Any CPU
	EndGlobalSection
	GlobalSection(ProjectConfigurationPlatforms) = postSolution
		{0AF94670-00BA-47B5-AE30-89F456D0AC59}.Debug|Any CPU.ActiveCfg = Debug|Any CPU
		{0AF94670-00BA-47B5-AE30-89F456D0AC59}.Debug|Any CPU.Build.0 = Debug|Any CPU
		{0AF94670-00BA-47B5-AE30-89F456D0AC59}.Release|Any CPU.ActiveCfg = Release|Any CPU
		{0AF94670-00BA-47B5-AE30-89F456D0AC59}.Release|Any CPU.Build.0 = Release|Any CPU
	EndGlobalSection
	GlobalSection(SolutionProperties) = preSolution
		HideSolutionNode = FALSE
	EndGlobalSection
	GlobalSection(ExtensibilityGlobals) = postSolution
		SolutionGuid = {55242F96-98D0-44A3-9CFC-563DD7A5E4FF}
	EndGlobalSection
EndGlobal
